// !$*UTF8*$!
{
	archiveVersion = 1;
	classes = {
	};
	objectVersion = 54;
	objects = {

/* Begin PBXBuildFile section */
		9107F52B25A2952700978EC6 /* AddPartView.swift in Sources */ = {isa = PBXBuildFile; fileRef = 9107F52A25A2952700978EC6 /* AddPartView.swift */; };
		9107F53425A3FA6000978EC6 /* RebrickableManager.swift in Sources */ = {isa = PBXBuildFile; fileRef = 9107F53325A3FA6000978EC6 /* RebrickableManager.swift */; };
		9107F53925A40BC700978EC6 /* RBElement.swift in Sources */ = {isa = PBXBuildFile; fileRef = 9107F53825A40BC700978EC6 /* RBElement.swift */; };
		9110E0DB2770FCFB00A7F3F7 /* AppOperationQueueView.swift in Sources */ = {isa = PBXBuildFile; fileRef = 9110E0DA2770FCFB00A7F3F7 /* AppOperationQueueView.swift */; };
		9110E0DD277133BB00A7F3F7 /* PartListView.swift in Sources */ = {isa = PBXBuildFile; fileRef = 9110E0DC277133BB00A7F3F7 /* PartListView.swift */; };
		9110E0DF2771443300A7F3F7 /* SetListView.swift in Sources */ = {isa = PBXBuildFile; fileRef = 9110E0DE2771443300A7F3F7 /* SetListView.swift */; };
		9110E0E12772707100A7F3F7 /* RBMold.swift in Sources */ = {isa = PBXBuildFile; fileRef = 9110E0E02772707100A7F3F7 /* RBMold.swift */; };
		9110E0E32772DB5400A7F3F7 /* PartSelectionView.swift in Sources */ = {isa = PBXBuildFile; fileRef = 9110E0E22772DB5400A7F3F7 /* PartSelectionView.swift */; };
		9110E0E52772E35700A7F3F7 /* RBMoldColor.swift in Sources */ = {isa = PBXBuildFile; fileRef = 9110E0E42772E35700A7F3F7 /* RBMoldColor.swift */; };
		9113292C27A4E1AF004840D4 /* TextFile.swift in Sources */ = {isa = PBXBuildFile; fileRef = 9113292B27A4E1AF004840D4 /* TextFile.swift */; };
		9113431727765CB70035A7A1 /* RBInventoryItem.swift in Sources */ = {isa = PBXBuildFile; fileRef = 9113431627765CB70035A7A1 /* RBInventoryItem.swift */; };
		911A53E125AB9C73002F03E9 /* ColorNameView.swift in Sources */ = {isa = PBXBuildFile; fileRef = 911A53E025AB9C73002F03E9 /* ColorNameView.swift */; };
		911AD521277CEDCD005EB716 /* SetIdView.swift in Sources */ = {isa = PBXBuildFile; fileRef = 911AD520277CEDCD005EB716 /* SetIdView.swift */; };
		911AD523277CFD6D005EB716 /* PartFeatureView.swift in Sources */ = {isa = PBXBuildFile; fileRef = 911AD522277CFD6D005EB716 /* PartFeatureView.swift */; };
		911AD525277D1360005EB716 /* PartInventoryView.swift in Sources */ = {isa = PBXBuildFile; fileRef = 911AD524277D1360005EB716 /* PartInventoryView.swift */; };
		911AD527277D389D005EB716 /* SetFeatureView.swift in Sources */ = {isa = PBXBuildFile; fileRef = 911AD526277D389D005EB716 /* SetFeatureView.swift */; };
		911AD529277D3990005EB716 /* SetInventoryView.swift in Sources */ = {isa = PBXBuildFile; fileRef = 911AD528277D3990005EB716 /* SetInventoryView.swift */; };
		911AD52B277E8649005EB716 /* Utils.swift in Sources */ = {isa = PBXBuildFile; fileRef = 911AD52A277E8649005EB716 /* Utils.swift */; };
		911AD52D277E9802005EB716 /* AppDelegate.swift in Sources */ = {isa = PBXBuildFile; fileRef = 911AD52C277E9802005EB716 /* AppDelegate.swift */; };
		911AD52F277FACDA005EB716 /* BrickLinkParser.swift in Sources */ = {isa = PBXBuildFile; fileRef = 911AD52E277FACDA005EB716 /* BrickLinkParser.swift */; };
		9152809A27853F1A0047E7A2 /* IOPart.swift in Sources */ = {isa = PBXBuildFile; fileRef = 9152809927853F1A0047E7A2 /* IOPart.swift */; };
		9152809C27853FD20047E7A2 /* IOSet.swift in Sources */ = {isa = PBXBuildFile; fileRef = 9152809B27853FD20047E7A2 /* IOSet.swift */; };
		9152809E2785419B0047E7A2 /* IOInventoryItem.swift in Sources */ = {isa = PBXBuildFile; fileRef = 9152809D2785419B0047E7A2 /* IOInventoryItem.swift */; };
		915280A0278542160047E7A2 /* IOCollection.swift in Sources */ = {isa = PBXBuildFile; fileRef = 9152809F278542160047E7A2 /* IOCollection.swift */; };
		915280A22785446C0047E7A2 /* CollectionFile.swift in Sources */ = {isa = PBXBuildFile; fileRef = 915280A12785446C0047E7A2 /* CollectionFile.swift */; };
		918324CF25A9340C007460D4 /* RBElementColor.swift in Sources */ = {isa = PBXBuildFile; fileRef = 918324CE25A9340C007460D4 /* RBElementColor.swift */; };
		918324DC25A94515007460D4 /* Preferences.swift in Sources */ = {isa = PBXBuildFile; fileRef = 918324DB25A94515007460D4 /* Preferences.swift */; };
		918324E125A9463C007460D4 /* ColorSet.swift in Sources */ = {isa = PBXBuildFile; fileRef = 918324E025A9463C007460D4 /* ColorSet.swift */; };
		918AD40025BE6CCC00FCD903 /* ImageLoader.swift in Sources */ = {isa = PBXBuildFile; fileRef = 918AD3FF25BE6CCC00FCD903 /* ImageLoader.swift */; };
		918AD40525BE6D7C00FCD903 /* AsyncImage.swift in Sources */ = {isa = PBXBuildFile; fileRef = 918AD40425BE6D7C00FCD903 /* AsyncImage.swift */; };
		91B86476277A629F00638F4D /* AddSetView.swift in Sources */ = {isa = PBXBuildFile; fileRef = 91B86475277A629F00638F4D /* AddSetView.swift */; };
		91B86478277AA7F200638F4D /* RBSet.swift in Sources */ = {isa = PBXBuildFile; fileRef = 91B86477277AA7F200638F4D /* RBSet.swift */; };
		91B8647A277AAABE00638F4D /* RBTheme.swift in Sources */ = {isa = PBXBuildFile; fileRef = 91B86479277AAABE00638F4D /* RBTheme.swift */; };
		91C2772025B3CA330032336F /* AppManager.swift in Sources */ = {isa = PBXBuildFile; fileRef = 91C2771F25B3CA330032336F /* AppManager.swift */; };
		91C875C72AFC57390057221E /* .gitignore in Resources */ = {isa = PBXBuildFile; fileRef = 91C875C62AFC57390057221E /* .gitignore */; };
		91EA040129232FF8005B3D03 /* QuantityModifier.swift in Sources */ = {isa = PBXBuildFile; fileRef = 91EA040029232FF8005B3D03 /* QuantityModifier.swift */; };
		91EB70F62904F6A4009C9E8F /* ColorPicker.swift in Sources */ = {isa = PBXBuildFile; fileRef = 91EB70F52904F6A4009C9E8F /* ColorPicker.swift */; };
		91ECB80725A25912008C5F72 /* Brick_CollectorApp.swift in Sources */ = {isa = PBXBuildFile; fileRef = 91ECB80625A25912008C5F72 /* Brick_CollectorApp.swift */; };
		91ECB80925A25912008C5F72 /* ContentView.swift in Sources */ = {isa = PBXBuildFile; fileRef = 91ECB80825A25912008C5F72 /* ContentView.swift */; };
		91ECB80B25A25913008C5F72 /* Assets.xcassets in Resources */ = {isa = PBXBuildFile; fileRef = 91ECB80A25A25913008C5F72 /* Assets.xcassets */; };
		91ECB80E25A25913008C5F72 /* Preview Assets.xcassets in Resources */ = {isa = PBXBuildFile; fileRef = 91ECB80D25A25913008C5F72 /* Preview Assets.xcassets */; };
		91ECB81025A25913008C5F72 /* Persistence.swift in Sources */ = {isa = PBXBuildFile; fileRef = 91ECB80F25A25913008C5F72 /* Persistence.swift */; };
		91ECB81325A25913008C5F72 /* Brick_Collector.xcdatamodeld in Sources */ = {isa = PBXBuildFile; fileRef = 91ECB81125A25913008C5F72 /* Brick_Collector.xcdatamodeld */; };
		91ECB81F25A25913008C5F72 /* Brick_CollectorTests.swift in Sources */ = {isa = PBXBuildFile; fileRef = 91ECB81E25A25913008C5F72 /* Brick_CollectorTests.swift */; };
		91ECB82A25A25913008C5F72 /* Brick_CollectorUITests.swift in Sources */ = {isa = PBXBuildFile; fileRef = 91ECB82925A25913008C5F72 /* Brick_CollectorUITests.swift */; };
/* End PBXBuildFile section */

/* Begin PBXContainerItemProxy section */
		91ECB81B25A25913008C5F72 /* PBXContainerItemProxy */ = {
			isa = PBXContainerItemProxy;
			containerPortal = 91ECB7FB25A25912008C5F72 /* Project object */;
			proxyType = 1;
			remoteGlobalIDString = 91ECB80225A25912008C5F72;
			remoteInfo = "Brick Collector";
		};
		91ECB82625A25913008C5F72 /* PBXContainerItemProxy */ = {
			isa = PBXContainerItemProxy;
			containerPortal = 91ECB7FB25A25912008C5F72 /* Project object */;
			proxyType = 1;
			remoteGlobalIDString = 91ECB80225A25912008C5F72;
			remoteInfo = "Brick Collector";
		};
/* End PBXContainerItemProxy section */

/* Begin PBXFileReference section */
		9107F52A25A2952700978EC6 /* AddPartView.swift */ = {isa = PBXFileReference; lastKnownFileType = sourcecode.swift; path = AddPartView.swift; sourceTree = "<group>"; };
		9107F53325A3FA6000978EC6 /* RebrickableManager.swift */ = {isa = PBXFileReference; lastKnownFileType = sourcecode.swift; path = RebrickableManager.swift; sourceTree = "<group>"; };
		9107F53825A40BC700978EC6 /* RBElement.swift */ = {isa = PBXFileReference; lastKnownFileType = sourcecode.swift; path = RBElement.swift; sourceTree = "<group>"; };
		9110E0DA2770FCFB00A7F3F7 /* AppOperationQueueView.swift */ = {isa = PBXFileReference; lastKnownFileType = sourcecode.swift; path = AppOperationQueueView.swift; sourceTree = "<group>"; };
		9110E0DC277133BB00A7F3F7 /* PartListView.swift */ = {isa = PBXFileReference; lastKnownFileType = sourcecode.swift; path = PartListView.swift; sourceTree = "<group>"; };
		9110E0DE2771443300A7F3F7 /* SetListView.swift */ = {isa = PBXFileReference; lastKnownFileType = sourcecode.swift; path = SetListView.swift; sourceTree = "<group>"; };
		9110E0E02772707100A7F3F7 /* RBMold.swift */ = {isa = PBXFileReference; lastKnownFileType = sourcecode.swift; path = RBMold.swift; sourceTree = "<group>"; };
		9110E0E22772DB5400A7F3F7 /* PartSelectionView.swift */ = {isa = PBXFileReference; lastKnownFileType = sourcecode.swift; path = PartSelectionView.swift; sourceTree = "<group>"; };
		9110E0E42772E35700A7F3F7 /* RBMoldColor.swift */ = {isa = PBXFileReference; lastKnownFileType = sourcecode.swift; path = RBMoldColor.swift; sourceTree = "<group>"; };
		9113292B27A4E1AF004840D4 /* TextFile.swift */ = {isa = PBXFileReference; lastKnownFileType = sourcecode.swift; path = TextFile.swift; sourceTree = "<group>"; };
		9113431627765CB70035A7A1 /* RBInventoryItem.swift */ = {isa = PBXFileReference; lastKnownFileType = sourcecode.swift; path = RBInventoryItem.swift; sourceTree = "<group>"; };
		911A53E025AB9C73002F03E9 /* ColorNameView.swift */ = {isa = PBXFileReference; lastKnownFileType = sourcecode.swift; path = ColorNameView.swift; sourceTree = "<group>"; };
		911AD520277CEDCD005EB716 /* SetIdView.swift */ = {isa = PBXFileReference; lastKnownFileType = sourcecode.swift; path = SetIdView.swift; sourceTree = "<group>"; };
		911AD522277CFD6D005EB716 /* PartFeatureView.swift */ = {isa = PBXFileReference; lastKnownFileType = sourcecode.swift; path = PartFeatureView.swift; sourceTree = "<group>"; };
		911AD524277D1360005EB716 /* PartInventoryView.swift */ = {isa = PBXFileReference; lastKnownFileType = sourcecode.swift; path = PartInventoryView.swift; sourceTree = "<group>"; };
		911AD526277D389D005EB716 /* SetFeatureView.swift */ = {isa = PBXFileReference; lastKnownFileType = sourcecode.swift; path = SetFeatureView.swift; sourceTree = "<group>"; };
		911AD528277D3990005EB716 /* SetInventoryView.swift */ = {isa = PBXFileReference; lastKnownFileType = sourcecode.swift; path = SetInventoryView.swift; sourceTree = "<group>"; };
		911AD52A277E8649005EB716 /* Utils.swift */ = {isa = PBXFileReference; lastKnownFileType = sourcecode.swift; path = Utils.swift; sourceTree = "<group>"; };
		911AD52C277E9802005EB716 /* AppDelegate.swift */ = {isa = PBXFileReference; lastKnownFileType = sourcecode.swift; path = AppDelegate.swift; sourceTree = "<group>"; };
		911AD52E277FACDA005EB716 /* BrickLinkParser.swift */ = {isa = PBXFileReference; lastKnownFileType = sourcecode.swift; path = BrickLinkParser.swift; sourceTree = "<group>"; };
		9152809927853F1A0047E7A2 /* IOPart.swift */ = {isa = PBXFileReference; lastKnownFileType = sourcecode.swift; path = IOPart.swift; sourceTree = "<group>"; };
		9152809B27853FD20047E7A2 /* IOSet.swift */ = {isa = PBXFileReference; lastKnownFileType = sourcecode.swift; path = IOSet.swift; sourceTree = "<group>"; };
		9152809D2785419B0047E7A2 /* IOInventoryItem.swift */ = {isa = PBXFileReference; lastKnownFileType = sourcecode.swift; path = IOInventoryItem.swift; sourceTree = "<group>"; };
		9152809F278542160047E7A2 /* IOCollection.swift */ = {isa = PBXFileReference; lastKnownFileType = sourcecode.swift; path = IOCollection.swift; sourceTree = "<group>"; };
		915280A12785446C0047E7A2 /* CollectionFile.swift */ = {isa = PBXFileReference; lastKnownFileType = sourcecode.swift; path = CollectionFile.swift; sourceTree = "<group>"; };
		918324CE25A9340C007460D4 /* RBElementColor.swift */ = {isa = PBXFileReference; lastKnownFileType = sourcecode.swift; path = RBElementColor.swift; sourceTree = "<group>"; };
		918324DB25A94515007460D4 /* Preferences.swift */ = {isa = PBXFileReference; lastKnownFileType = sourcecode.swift; path = Preferences.swift; sourceTree = "<group>"; };
		918324E025A9463C007460D4 /* ColorSet.swift */ = {isa = PBXFileReference; lastKnownFileType = sourcecode.swift; path = ColorSet.swift; sourceTree = "<group>"; };
		918AD3FF25BE6CCC00FCD903 /* ImageLoader.swift */ = {isa = PBXFileReference; lastKnownFileType = sourcecode.swift; path = ImageLoader.swift; sourceTree = "<group>"; };
		918AD40425BE6D7C00FCD903 /* AsyncImage.swift */ = {isa = PBXFileReference; lastKnownFileType = sourcecode.swift; path = AsyncImage.swift; sourceTree = "<group>"; };
		91B86475277A629F00638F4D /* AddSetView.swift */ = {isa = PBXFileReference; lastKnownFileType = sourcecode.swift; path = AddSetView.swift; sourceTree = "<group>"; };
		91B86477277AA7F200638F4D /* RBSet.swift */ = {isa = PBXFileReference; lastKnownFileType = sourcecode.swift; path = RBSet.swift; sourceTree = "<group>"; };
		91B86479277AAABE00638F4D /* RBTheme.swift */ = {isa = PBXFileReference; lastKnownFileType = sourcecode.swift; path = RBTheme.swift; sourceTree = "<group>"; };
		91C2771F25B3CA330032336F /* AppManager.swift */ = {isa = PBXFileReference; lastKnownFileType = sourcecode.swift; path = AppManager.swift; sourceTree = "<group>"; };
		91C875C62AFC57390057221E /* .gitignore */ = {isa = PBXFileReference; lastKnownFileType = text; path = .gitignore; sourceTree = "<group>"; };
		91EA040029232FF8005B3D03 /* QuantityModifier.swift */ = {isa = PBXFileReference; lastKnownFileType = sourcecode.swift; path = QuantityModifier.swift; sourceTree = "<group>"; };
		91EB70F52904F6A4009C9E8F /* ColorPicker.swift */ = {isa = PBXFileReference; lastKnownFileType = sourcecode.swift; path = ColorPicker.swift; sourceTree = "<group>"; };
		91ECB80325A25912008C5F72 /* Brick Collector.app */ = {isa = PBXFileReference; explicitFileType = wrapper.application; includeInIndex = 0; path = "Brick Collector.app"; sourceTree = BUILT_PRODUCTS_DIR; };
		91ECB80625A25912008C5F72 /* Brick_CollectorApp.swift */ = {isa = PBXFileReference; lastKnownFileType = sourcecode.swift; path = Brick_CollectorApp.swift; sourceTree = "<group>"; };
		91ECB80825A25912008C5F72 /* ContentView.swift */ = {isa = PBXFileReference; lastKnownFileType = sourcecode.swift; path = ContentView.swift; sourceTree = "<group>"; };
		91ECB80A25A25913008C5F72 /* Assets.xcassets */ = {isa = PBXFileReference; lastKnownFileType = folder.assetcatalog; path = Assets.xcassets; sourceTree = "<group>"; };
		91ECB80D25A25913008C5F72 /* Preview Assets.xcassets */ = {isa = PBXFileReference; lastKnownFileType = folder.assetcatalog; path = "Preview Assets.xcassets"; sourceTree = "<group>"; };
		91ECB80F25A25913008C5F72 /* Persistence.swift */ = {isa = PBXFileReference; lastKnownFileType = sourcecode.swift; path = Persistence.swift; sourceTree = "<group>"; };
		91ECB81225A25913008C5F72 /* Brick_Collector.xcdatamodel */ = {isa = PBXFileReference; lastKnownFileType = wrapper.xcdatamodel; path = Brick_Collector.xcdatamodel; sourceTree = "<group>"; };
		91ECB81425A25913008C5F72 /* Info.plist */ = {isa = PBXFileReference; lastKnownFileType = text.plist.xml; path = Info.plist; sourceTree = "<group>"; };
		91ECB81525A25913008C5F72 /* Brick_Collector.entitlements */ = {isa = PBXFileReference; lastKnownFileType = text.plist.entitlements; path = Brick_Collector.entitlements; sourceTree = "<group>"; };
		91ECB81A25A25913008C5F72 /* Brick CollectorTests.xctest */ = {isa = PBXFileReference; explicitFileType = wrapper.cfbundle; includeInIndex = 0; path = "Brick CollectorTests.xctest"; sourceTree = BUILT_PRODUCTS_DIR; };
		91ECB81E25A25913008C5F72 /* Brick_CollectorTests.swift */ = {isa = PBXFileReference; lastKnownFileType = sourcecode.swift; path = Brick_CollectorTests.swift; sourceTree = "<group>"; };
		91ECB82025A25913008C5F72 /* Info.plist */ = {isa = PBXFileReference; lastKnownFileType = text.plist.xml; path = Info.plist; sourceTree = "<group>"; };
		91ECB82525A25913008C5F72 /* Brick CollectorUITests.xctest */ = {isa = PBXFileReference; explicitFileType = wrapper.cfbundle; includeInIndex = 0; path = "Brick CollectorUITests.xctest"; sourceTree = BUILT_PRODUCTS_DIR; };
		91ECB82925A25913008C5F72 /* Brick_CollectorUITests.swift */ = {isa = PBXFileReference; lastKnownFileType = sourcecode.swift; path = Brick_CollectorUITests.swift; sourceTree = "<group>"; };
		91ECB82B25A25913008C5F72 /* Info.plist */ = {isa = PBXFileReference; lastKnownFileType = text.plist.xml; path = Info.plist; sourceTree = "<group>"; };
/* End PBXFileReference section */

/* Begin PBXFrameworksBuildPhase section */
		91ECB80025A25912008C5F72 /* Frameworks */ = {
			isa = PBXFrameworksBuildPhase;
			buildActionMask = 2147483647;
			files = (
			);
			runOnlyForDeploymentPostprocessing = 0;
		};
		91ECB81725A25913008C5F72 /* Frameworks */ = {
			isa = PBXFrameworksBuildPhase;
			buildActionMask = 2147483647;
			files = (
			);
			runOnlyForDeploymentPostprocessing = 0;
		};
		91ECB82225A25913008C5F72 /* Frameworks */ = {
			isa = PBXFrameworksBuildPhase;
			buildActionMask = 2147483647;
			files = (
			);
			runOnlyForDeploymentPostprocessing = 0;
		};
/* End PBXFrameworksBuildPhase section */

/* Begin PBXGroup section */
		9107F52F25A3F0B900978EC6 /* View */ = {
			isa = PBXGroup;
			children = (
				91ECB80825A25912008C5F72 /* ContentView.swift */,
				911AD51F277BEC7C005EB716 /* Part */,
				911AD51E277BEC6E005EB716 /* Set */,
				9110E0DA2770FCFB00A7F3F7 /* AppOperationQueueView.swift */,
				918324DB25A94515007460D4 /* Preferences.swift */,
				911A53E025AB9C73002F03E9 /* ColorNameView.swift */,
				91EB70F52904F6A4009C9E8F /* ColorPicker.swift */,
				918AD40425BE6D7C00FCD903 /* AsyncImage.swift */,
			);
			path = View;
			sourceTree = "<group>";
		};
		9107F53D25A40BCC00978EC6 /* Model */ = {
			isa = PBXGroup;
			children = (
				9152809827853EE60047E7A2 /* IO */,
				918324E025A9463C007460D4 /* ColorSet.swift */,
				911AD51D277BEC4F005EB716 /* Rebrickable */,
			);
			path = Model;
			sourceTree = "<group>";
		};
		9113292A27A4E18B004840D4 /* FileIO */ = {
			isa = PBXGroup;
			children = (
				915280A12785446C0047E7A2 /* CollectionFile.swift */,
				9113292B27A4E1AF004840D4 /* TextFile.swift */,
			);
			path = FileIO;
			sourceTree = "<group>";
		};
		911AD51D277BEC4F005EB716 /* Rebrickable */ = {
			isa = PBXGroup;
			children = (
				91B86477277AA7F200638F4D /* RBSet.swift */,
				9107F53825A40BC700978EC6 /* RBElement.swift */,
				918324CE25A9340C007460D4 /* RBElementColor.swift */,
				91B86479277AAABE00638F4D /* RBTheme.swift */,
				9110E0E02772707100A7F3F7 /* RBMold.swift */,
				9110E0E42772E35700A7F3F7 /* RBMoldColor.swift */,
				9113431627765CB70035A7A1 /* RBInventoryItem.swift */,
			);
			path = Rebrickable;
			sourceTree = "<group>";
		};
		911AD51E277BEC6E005EB716 /* Set */ = {
			isa = PBXGroup;
			children = (
				91B86475277A629F00638F4D /* AddSetView.swift */,
				911AD526277D389D005EB716 /* SetFeatureView.swift */,
				911AD528277D3990005EB716 /* SetInventoryView.swift */,
				911AD520277CEDCD005EB716 /* SetIdView.swift */,
				9110E0DE2771443300A7F3F7 /* SetListView.swift */,
			);
			path = Set;
			sourceTree = "<group>";
		};
		911AD51F277BEC7C005EB716 /* Part */ = {
			isa = PBXGroup;
			children = (
				9107F52A25A2952700978EC6 /* AddPartView.swift */,
				911AD524277D1360005EB716 /* PartInventoryView.swift */,
				911AD522277CFD6D005EB716 /* PartFeatureView.swift */,
				91EA040029232FF8005B3D03 /* QuantityModifier.swift */,
				9110E0E22772DB5400A7F3F7 /* PartSelectionView.swift */,
				9110E0DC277133BB00A7F3F7 /* PartListView.swift */,
			);
			path = Part;
			sourceTree = "<group>";
		};
		9152809827853EE60047E7A2 /* IO */ = {
			isa = PBXGroup;
			children = (
				9152809927853F1A0047E7A2 /* IOPart.swift */,
				9152809D2785419B0047E7A2 /* IOInventoryItem.swift */,
				9152809F278542160047E7A2 /* IOCollection.swift */,
				9152809B27853FD20047E7A2 /* IOSet.swift */,
			);
			path = IO;
			sourceTree = "<group>";
		};
		91C2772425B3CA3B0032336F /* Manager */ = {
			isa = PBXGroup;
			children = (
				91C2771F25B3CA330032336F /* AppManager.swift */,
				9107F53325A3FA6000978EC6 /* RebrickableManager.swift */,
				918AD3FF25BE6CCC00FCD903 /* ImageLoader.swift */,
			);
			path = Manager;
			sourceTree = "<group>";
		};
		91ECB7FA25A25912008C5F72 = {
			isa = PBXGroup;
			children = (
				91C875C62AFC57390057221E /* .gitignore */,
				91ECB80525A25912008C5F72 /* Brick Collector */,
				91ECB81D25A25913008C5F72 /* Brick CollectorTests */,
				91ECB82825A25913008C5F72 /* Brick CollectorUITests */,
				91ECB80425A25912008C5F72 /* Products */,
			);
			sourceTree = "<group>";
		};
		91ECB80425A25912008C5F72 /* Products */ = {
			isa = PBXGroup;
			children = (
				91ECB80325A25912008C5F72 /* Brick Collector.app */,
				91ECB81A25A25913008C5F72 /* Brick CollectorTests.xctest */,
				91ECB82525A25913008C5F72 /* Brick CollectorUITests.xctest */,
			);
			name = Products;
			sourceTree = "<group>";
		};
		91ECB80525A25912008C5F72 /* Brick Collector */ = {
			isa = PBXGroup;
			children = (
				91ECB80625A25912008C5F72 /* Brick_CollectorApp.swift */,
				911AD52E277FACDA005EB716 /* BrickLinkParser.swift */,
				911AD52A277E8649005EB716 /* Utils.swift */,
				91C2772425B3CA3B0032336F /* Manager */,
				9107F52F25A3F0B900978EC6 /* View */,
				91ECB80A25A25913008C5F72 /* Assets.xcassets */,
				91ECB80F25A25913008C5F72 /* Persistence.swift */,
				91ECB81425A25913008C5F72 /* Info.plist */,
				91ECB81525A25913008C5F72 /* Brick_Collector.entitlements */,
				91ECB81125A25913008C5F72 /* Brick_Collector.xcdatamodeld */,
				91ECB80C25A25913008C5F72 /* Preview Content */,
				9107F53D25A40BCC00978EC6 /* Model */,
				911AD52C277E9802005EB716 /* AppDelegate.swift */,
				9113292A27A4E18B004840D4 /* FileIO */,
			);
			path = "Brick Collector";
			sourceTree = "<group>";
		};
		91ECB80C25A25913008C5F72 /* Preview Content */ = {
			isa = PBXGroup;
			children = (
				91ECB80D25A25913008C5F72 /* Preview Assets.xcassets */,
			);
			path = "Preview Content";
			sourceTree = "<group>";
		};
		91ECB81D25A25913008C5F72 /* Brick CollectorTests */ = {
			isa = PBXGroup;
			children = (
				91ECB81E25A25913008C5F72 /* Brick_CollectorTests.swift */,
				91ECB82025A25913008C5F72 /* Info.plist */,
			);
			path = "Brick CollectorTests";
			sourceTree = "<group>";
		};
		91ECB82825A25913008C5F72 /* Brick CollectorUITests */ = {
			isa = PBXGroup;
			children = (
				91ECB82925A25913008C5F72 /* Brick_CollectorUITests.swift */,
				91ECB82B25A25913008C5F72 /* Info.plist */,
			);
			path = "Brick CollectorUITests";
			sourceTree = "<group>";
		};
/* End PBXGroup section */

/* Begin PBXNativeTarget section */
		91ECB80225A25912008C5F72 /* Brick Collector */ = {
			isa = PBXNativeTarget;
			buildConfigurationList = 91ECB82E25A25913008C5F72 /* Build configuration list for PBXNativeTarget "Brick Collector" */;
			buildPhases = (
				91ECB7FF25A25912008C5F72 /* Sources */,
				91ECB80025A25912008C5F72 /* Frameworks */,
				91ECB80125A25912008C5F72 /* Resources */,
			);
			buildRules = (
			);
			dependencies = (
			);
			name = "Brick Collector";
			productName = "Brick Collector";
			productReference = 91ECB80325A25912008C5F72 /* Brick Collector.app */;
			productType = "com.apple.product-type.application";
		};
		91ECB81925A25913008C5F72 /* Brick CollectorTests */ = {
			isa = PBXNativeTarget;
			buildConfigurationList = 91ECB83125A25913008C5F72 /* Build configuration list for PBXNativeTarget "Brick CollectorTests" */;
			buildPhases = (
				91ECB81625A25913008C5F72 /* Sources */,
				91ECB81725A25913008C5F72 /* Frameworks */,
				91ECB81825A25913008C5F72 /* Resources */,
			);
			buildRules = (
			);
			dependencies = (
				91ECB81C25A25913008C5F72 /* PBXTargetDependency */,
			);
			name = "Brick CollectorTests";
			productName = "Brick CollectorTests";
			productReference = 91ECB81A25A25913008C5F72 /* Brick CollectorTests.xctest */;
			productType = "com.apple.product-type.bundle.unit-test";
		};
		91ECB82425A25913008C5F72 /* Brick CollectorUITests */ = {
			isa = PBXNativeTarget;
			buildConfigurationList = 91ECB83425A25913008C5F72 /* Build configuration list for PBXNativeTarget "Brick CollectorUITests" */;
			buildPhases = (
				91ECB82125A25913008C5F72 /* Sources */,
				91ECB82225A25913008C5F72 /* Frameworks */,
				91ECB82325A25913008C5F72 /* Resources */,
			);
			buildRules = (
			);
			dependencies = (
				91ECB82725A25913008C5F72 /* PBXTargetDependency */,
			);
			name = "Brick CollectorUITests";
			productName = "Brick CollectorUITests";
			productReference = 91ECB82525A25913008C5F72 /* Brick CollectorUITests.xctest */;
			productType = "com.apple.product-type.bundle.ui-testing";
		};
/* End PBXNativeTarget section */

/* Begin PBXProject section */
		91ECB7FB25A25912008C5F72 /* Project object */ = {
			isa = PBXProject;
			attributes = {
				BuildIndependentTargetsInParallel = YES;
				LastSwiftUpdateCheck = 1230;
				LastUpgradeCheck = 1500;
				TargetAttributes = {
					91ECB80225A25912008C5F72 = {
						CreatedOnToolsVersion = 12.3;
					};
					91ECB81925A25913008C5F72 = {
						CreatedOnToolsVersion = 12.3;
						TestTargetID = 91ECB80225A25912008C5F72;
					};
					91ECB82425A25913008C5F72 = {
						CreatedOnToolsVersion = 12.3;
						TestTargetID = 91ECB80225A25912008C5F72;
					};
				};
			};
			buildConfigurationList = 91ECB7FE25A25912008C5F72 /* Build configuration list for PBXProject "Brick Collector" */;
			compatibilityVersion = "Xcode 9.3";
			developmentRegion = en;
			hasScannedForEncodings = 0;
			knownRegions = (
				en,
				Base,
			);
			mainGroup = 91ECB7FA25A25912008C5F72;
			productRefGroup = 91ECB80425A25912008C5F72 /* Products */;
			projectDirPath = "";
			projectRoot = "";
			targets = (
				91ECB80225A25912008C5F72 /* Brick Collector */,
				91ECB81925A25913008C5F72 /* Brick CollectorTests */,
				91ECB82425A25913008C5F72 /* Brick CollectorUITests */,
			);
		};
/* End PBXProject section */

/* Begin PBXResourcesBuildPhase section */
		91ECB80125A25912008C5F72 /* Resources */ = {
			isa = PBXResourcesBuildPhase;
			buildActionMask = 2147483647;
			files = (
				91ECB80E25A25913008C5F72 /* Preview Assets.xcassets in Resources */,
				91C875C72AFC57390057221E /* .gitignore in Resources */,
				91ECB80B25A25913008C5F72 /* Assets.xcassets in Resources */,
			);
			runOnlyForDeploymentPostprocessing = 0;
		};
		91ECB81825A25913008C5F72 /* Resources */ = {
			isa = PBXResourcesBuildPhase;
			buildActionMask = 2147483647;
			files = (
			);
			runOnlyForDeploymentPostprocessing = 0;
		};
		91ECB82325A25913008C5F72 /* Resources */ = {
			isa = PBXResourcesBuildPhase;
			buildActionMask = 2147483647;
			files = (
			);
			runOnlyForDeploymentPostprocessing = 0;
		};
/* End PBXResourcesBuildPhase section */

/* Begin PBXSourcesBuildPhase section */
		91ECB7FF25A25912008C5F72 /* Sources */ = {
			isa = PBXSourcesBuildPhase;
			buildActionMask = 2147483647;
			files = (
				9110E0DD277133BB00A7F3F7 /* PartListView.swift in Sources */,
				9110E0DF2771443300A7F3F7 /* SetListView.swift in Sources */,
				91EA040129232FF8005B3D03 /* QuantityModifier.swift in Sources */,
				918AD40025BE6CCC00FCD903 /* ImageLoader.swift in Sources */,
				91ECB81025A25913008C5F72 /* Persistence.swift in Sources */,
				918324DC25A94515007460D4 /* Preferences.swift in Sources */,
				91ECB81325A25913008C5F72 /* Brick_Collector.xcdatamodeld in Sources */,
				918324CF25A9340C007460D4 /* RBElementColor.swift in Sources */,
				911A53E125AB9C73002F03E9 /* ColorNameView.swift in Sources */,
				911AD52D277E9802005EB716 /* AppDelegate.swift in Sources */,
				9152809C27853FD20047E7A2 /* IOSet.swift in Sources */,
				91B8647A277AAABE00638F4D /* RBTheme.swift in Sources */,
				9107F53925A40BC700978EC6 /* RBElement.swift in Sources */,
				9110E0DB2770FCFB00A7F3F7 /* AppOperationQueueView.swift in Sources */,
				911AD521277CEDCD005EB716 /* SetIdView.swift in Sources */,
				911AD523277CFD6D005EB716 /* PartFeatureView.swift in Sources */,
				911AD525277D1360005EB716 /* PartInventoryView.swift in Sources */,
				91EB70F62904F6A4009C9E8F /* ColorPicker.swift in Sources */,
				91C2772025B3CA330032336F /* AppManager.swift in Sources */,
				9113292C27A4E1AF004840D4 /* TextFile.swift in Sources */,
				911AD527277D389D005EB716 /* SetFeatureView.swift in Sources */,
				918324E125A9463C007460D4 /* ColorSet.swift in Sources */,
				911AD529277D3990005EB716 /* SetInventoryView.swift in Sources */,
				918AD40525BE6D7C00FCD903 /* AsyncImage.swift in Sources */,
				91B86478277AA7F200638F4D /* RBSet.swift in Sources */,
				911AD52B277E8649005EB716 /* Utils.swift in Sources */,
				9110E0E32772DB5400A7F3F7 /* PartSelectionView.swift in Sources */,
				91ECB80925A25912008C5F72 /* ContentView.swift in Sources */,
				9113431727765CB70035A7A1 /* RBInventoryItem.swift in Sources */,
				915280A22785446C0047E7A2 /* CollectionFile.swift in Sources */,
				91ECB80725A25912008C5F72 /* Brick_CollectorApp.swift in Sources */,
				9110E0E12772707100A7F3F7 /* RBMold.swift in Sources */,
				9107F53425A3FA6000978EC6 /* RebrickableManager.swift in Sources */,
				9110E0E52772E35700A7F3F7 /* RBMoldColor.swift in Sources */,
				9152809A27853F1A0047E7A2 /* IOPart.swift in Sources */,
				911AD52F277FACDA005EB716 /* BrickLinkParser.swift in Sources */,
				915280A0278542160047E7A2 /* IOCollection.swift in Sources */,
				9152809E2785419B0047E7A2 /* IOInventoryItem.swift in Sources */,
				91B86476277A629F00638F4D /* AddSetView.swift in Sources */,
				9107F52B25A2952700978EC6 /* AddPartView.swift in Sources */,
			);
			runOnlyForDeploymentPostprocessing = 0;
		};
		91ECB81625A25913008C5F72 /* Sources */ = {
			isa = PBXSourcesBuildPhase;
			buildActionMask = 2147483647;
			files = (
				91ECB81F25A25913008C5F72 /* Brick_CollectorTests.swift in Sources */,
			);
			runOnlyForDeploymentPostprocessing = 0;
		};
		91ECB82125A25913008C5F72 /* Sources */ = {
			isa = PBXSourcesBuildPhase;
			buildActionMask = 2147483647;
			files = (
				91ECB82A25A25913008C5F72 /* Brick_CollectorUITests.swift in Sources */,
			);
			runOnlyForDeploymentPostprocessing = 0;
		};
/* End PBXSourcesBuildPhase section */

/* Begin PBXTargetDependency section */
		91ECB81C25A25913008C5F72 /* PBXTargetDependency */ = {
			isa = PBXTargetDependency;
			target = 91ECB80225A25912008C5F72 /* Brick Collector */;
			targetProxy = 91ECB81B25A25913008C5F72 /* PBXContainerItemProxy */;
		};
		91ECB82725A25913008C5F72 /* PBXTargetDependency */ = {
			isa = PBXTargetDependency;
			target = 91ECB80225A25912008C5F72 /* Brick Collector */;
			targetProxy = 91ECB82625A25913008C5F72 /* PBXContainerItemProxy */;
		};
/* End PBXTargetDependency section */

/* Begin XCBuildConfiguration section */
		91ECB82C25A25913008C5F72 /* Debug */ = {
			isa = XCBuildConfiguration;
			buildSettings = {
				ALWAYS_SEARCH_USER_PATHS = NO;
				CLANG_ANALYZER_NONNULL = YES;
				CLANG_ANALYZER_NUMBER_OBJECT_CONVERSION = YES_AGGRESSIVE;
				CLANG_CXX_LANGUAGE_STANDARD = "gnu++14";
				CLANG_CXX_LIBRARY = "libc++";
				CLANG_ENABLE_MODULES = YES;
				CLANG_ENABLE_OBJC_ARC = YES;
				CLANG_ENABLE_OBJC_WEAK = YES;
				CLANG_WARN_BLOCK_CAPTURE_AUTORELEASING = YES;
				CLANG_WARN_BOOL_CONVERSION = YES;
				CLANG_WARN_COMMA = YES;
				CLANG_WARN_CONSTANT_CONVERSION = YES;
				CLANG_WARN_DEPRECATED_OBJC_IMPLEMENTATIONS = YES;
				CLANG_WARN_DIRECT_OBJC_ISA_USAGE = YES_ERROR;
				CLANG_WARN_DOCUMENTATION_COMMENTS = YES;
				CLANG_WARN_EMPTY_BODY = YES;
				CLANG_WARN_ENUM_CONVERSION = YES;
				CLANG_WARN_INFINITE_RECURSION = YES;
				CLANG_WARN_INT_CONVERSION = YES;
				CLANG_WARN_NON_LITERAL_NULL_CONVERSION = YES;
				CLANG_WARN_OBJC_IMPLICIT_RETAIN_SELF = YES;
				CLANG_WARN_OBJC_LITERAL_CONVERSION = YES;
				CLANG_WARN_OBJC_ROOT_CLASS = YES_ERROR;
				CLANG_WARN_QUOTED_INCLUDE_IN_FRAMEWORK_HEADER = YES;
				CLANG_WARN_RANGE_LOOP_ANALYSIS = YES;
				CLANG_WARN_STRICT_PROTOTYPES = YES;
				CLANG_WARN_SUSPICIOUS_MOVE = YES;
				CLANG_WARN_UNGUARDED_AVAILABILITY = YES_AGGRESSIVE;
				CLANG_WARN_UNREACHABLE_CODE = YES;
				CLANG_WARN__DUPLICATE_METHOD_MATCH = YES;
				COPY_PHASE_STRIP = NO;
				DEAD_CODE_STRIPPING = YES;
				DEBUG_INFORMATION_FORMAT = dwarf;
				ENABLE_STRICT_OBJC_MSGSEND = YES;
				ENABLE_TESTABILITY = YES;
				ENABLE_USER_SCRIPT_SANDBOXING = YES;
				GCC_C_LANGUAGE_STANDARD = gnu11;
				GCC_DYNAMIC_NO_PIC = NO;
				GCC_NO_COMMON_BLOCKS = YES;
				GCC_OPTIMIZATION_LEVEL = 0;
				GCC_PREPROCESSOR_DEFINITIONS = (
					"DEBUG=1",
					"$(inherited)",
				);
				GCC_WARN_64_TO_32_BIT_CONVERSION = YES;
				GCC_WARN_ABOUT_RETURN_TYPE = YES_ERROR;
				GCC_WARN_UNDECLARED_SELECTOR = YES;
				GCC_WARN_UNINITIALIZED_AUTOS = YES_AGGRESSIVE;
				GCC_WARN_UNUSED_FUNCTION = YES;
				GCC_WARN_UNUSED_VARIABLE = YES;
				MACOSX_DEPLOYMENT_TARGET = 12.0;
				MTL_ENABLE_DEBUG_INFO = INCLUDE_SOURCE;
				MTL_FAST_MATH = YES;
				ONLY_ACTIVE_ARCH = YES;
				SDKROOT = macosx;
				SWIFT_ACTIVE_COMPILATION_CONDITIONS = DEBUG;
				SWIFT_OPTIMIZATION_LEVEL = "-Onone";
			};
			name = Debug;
		};
		91ECB82D25A25913008C5F72 /* Release */ = {
			isa = XCBuildConfiguration;
			buildSettings = {
				ALWAYS_SEARCH_USER_PATHS = NO;
				CLANG_ANALYZER_NONNULL = YES;
				CLANG_ANALYZER_NUMBER_OBJECT_CONVERSION = YES_AGGRESSIVE;
				CLANG_CXX_LANGUAGE_STANDARD = "gnu++14";
				CLANG_CXX_LIBRARY = "libc++";
				CLANG_ENABLE_MODULES = YES;
				CLANG_ENABLE_OBJC_ARC = YES;
				CLANG_ENABLE_OBJC_WEAK = YES;
				CLANG_WARN_BLOCK_CAPTURE_AUTORELEASING = YES;
				CLANG_WARN_BOOL_CONVERSION = YES;
				CLANG_WARN_COMMA = YES;
				CLANG_WARN_CONSTANT_CONVERSION = YES;
				CLANG_WARN_DEPRECATED_OBJC_IMPLEMENTATIONS = YES;
				CLANG_WARN_DIRECT_OBJC_ISA_USAGE = YES_ERROR;
				CLANG_WARN_DOCUMENTATION_COMMENTS = YES;
				CLANG_WARN_EMPTY_BODY = YES;
				CLANG_WARN_ENUM_CONVERSION = YES;
				CLANG_WARN_INFINITE_RECURSION = YES;
				CLANG_WARN_INT_CONVERSION = YES;
				CLANG_WARN_NON_LITERAL_NULL_CONVERSION = YES;
				CLANG_WARN_OBJC_IMPLICIT_RETAIN_SELF = YES;
				CLANG_WARN_OBJC_LITERAL_CONVERSION = YES;
				CLANG_WARN_OBJC_ROOT_CLASS = YES_ERROR;
				CLANG_WARN_QUOTED_INCLUDE_IN_FRAMEWORK_HEADER = YES;
				CLANG_WARN_RANGE_LOOP_ANALYSIS = YES;
				CLANG_WARN_STRICT_PROTOTYPES = YES;
				CLANG_WARN_SUSPICIOUS_MOVE = YES;
				CLANG_WARN_UNGUARDED_AVAILABILITY = YES_AGGRESSIVE;
				CLANG_WARN_UNREACHABLE_CODE = YES;
				CLANG_WARN__DUPLICATE_METHOD_MATCH = YES;
				COPY_PHASE_STRIP = NO;
				DEAD_CODE_STRIPPING = YES;
				DEBUG_INFORMATION_FORMAT = "dwarf-with-dsym";
				ENABLE_NS_ASSERTIONS = NO;
				ENABLE_STRICT_OBJC_MSGSEND = YES;
				ENABLE_USER_SCRIPT_SANDBOXING = YES;
				GCC_C_LANGUAGE_STANDARD = gnu11;
				GCC_NO_COMMON_BLOCKS = YES;
				GCC_WARN_64_TO_32_BIT_CONVERSION = YES;
				GCC_WARN_ABOUT_RETURN_TYPE = YES_ERROR;
				GCC_WARN_UNDECLARED_SELECTOR = YES;
				GCC_WARN_UNINITIALIZED_AUTOS = YES_AGGRESSIVE;
				GCC_WARN_UNUSED_FUNCTION = YES;
				GCC_WARN_UNUSED_VARIABLE = YES;
				MACOSX_DEPLOYMENT_TARGET = 12.0;
				MTL_ENABLE_DEBUG_INFO = NO;
				MTL_FAST_MATH = YES;
				SDKROOT = macosx;
				SWIFT_COMPILATION_MODE = wholemodule;
				SWIFT_OPTIMIZATION_LEVEL = "-O";
			};
			name = Release;
		};
		91ECB82F25A25913008C5F72 /* Debug */ = {
			isa = XCBuildConfiguration;
			buildSettings = {
				ASSETCATALOG_COMPILER_APPICON_NAME = AppIcon;
				ASSETCATALOG_COMPILER_GLOBAL_ACCENT_COLOR_NAME = AccentColor;
				CODE_SIGN_ENTITLEMENTS = "Brick Collector/Brick_Collector.entitlements";
				CODE_SIGN_IDENTITY = "Apple Development";
				CODE_SIGN_STYLE = Automatic;
				COMBINE_HIDPI_IMAGES = YES;
				CURRENT_PROJECT_VERSION = 1;
				DEAD_CODE_STRIPPING = YES;
				DEVELOPMENT_ASSET_PATHS = "\"Brick Collector/Preview Content\"";
				DEVELOPMENT_TEAM = W7SSE97484;
				ENABLE_HARDENED_RUNTIME = YES;
				ENABLE_PREVIEWS = YES;
				INFOPLIST_FILE = "Brick Collector/Info.plist";
				LD_RUNPATH_SEARCH_PATHS = (
					"$(inherited)",
					"@executable_path/../Frameworks",
				);
				MACOSX_DEPLOYMENT_TARGET = 12.0;
				MARKETING_VERSION = 1.3.1;
				PRODUCT_BUNDLE_IDENTIFIER = "com.dsalvati.Brick-Collector";
				PRODUCT_NAME = "$(TARGET_NAME)";
				SWIFT_VERSION = 5.0;
			};
			name = Debug;
		};
		91ECB83025A25913008C5F72 /* Release */ = {
			isa = XCBuildConfiguration;
			buildSettings = {
				ASSETCATALOG_COMPILER_APPICON_NAME = AppIcon;
				ASSETCATALOG_COMPILER_GLOBAL_ACCENT_COLOR_NAME = AccentColor;
				CODE_SIGN_ENTITLEMENTS = "Brick Collector/Brick_Collector.entitlements";
				CODE_SIGN_IDENTITY = "Apple Development";
				CODE_SIGN_STYLE = Automatic;
				COMBINE_HIDPI_IMAGES = YES;
				CURRENT_PROJECT_VERSION = 1;
				DEAD_CODE_STRIPPING = YES;
				DEVELOPMENT_ASSET_PATHS = "\"Brick Collector/Preview Content\"";
				DEVELOPMENT_TEAM = W7SSE97484;
				ENABLE_HARDENED_RUNTIME = YES;
				ENABLE_PREVIEWS = YES;
				INFOPLIST_FILE = "Brick Collector/Info.plist";
				LD_RUNPATH_SEARCH_PATHS = (
					"$(inherited)",
					"@executable_path/../Frameworks",
				);
				MACOSX_DEPLOYMENT_TARGET = 12.0;
				MARKETING_VERSION = 1.3.1;
				PRODUCT_BUNDLE_IDENTIFIER = "com.dsalvati.Brick-Collector";
				PRODUCT_NAME = "$(TARGET_NAME)";
				SWIFT_VERSION = 5.0;
			};
			name = Release;
		};
		91ECB83225A25913008C5F72 /* Debug */ = {
			isa = XCBuildConfiguration;
			buildSettings = {
				ALWAYS_EMBED_SWIFT_STANDARD_LIBRARIES = YES;
				BUNDLE_LOADER = "$(TEST_HOST)";
				CODE_SIGN_STYLE = Automatic;
				COMBINE_HIDPI_IMAGES = YES;
				DEAD_CODE_STRIPPING = YES;
				DEVELOPMENT_TEAM = W7SSE97484;
				INFOPLIST_FILE = "Brick CollectorTests/Info.plist";
				LD_RUNPATH_SEARCH_PATHS = (
					"$(inherited)",
					"@executable_path/../Frameworks",
					"@loader_path/../Frameworks",
				);
				MACOSX_DEPLOYMENT_TARGET = 11.0;
				PRODUCT_BUNDLE_IDENTIFIER = "com.dsalvati.Brick-CollectorTests";
				PRODUCT_NAME = "$(TARGET_NAME)";
				SWIFT_VERSION = 5.0;
				TEST_HOST = "$(BUILT_PRODUCTS_DIR)/Brick Collector.app/Contents/MacOS/Brick Collector";
			};
			name = Debug;
		};
		91ECB83325A25913008C5F72 /* Release */ = {
			isa = XCBuildConfiguration;
			buildSettings = {
				ALWAYS_EMBED_SWIFT_STANDARD_LIBRARIES = YES;
				BUNDLE_LOADER = "$(TEST_HOST)";
				CODE_SIGN_STYLE = Automatic;
				COMBINE_HIDPI_IMAGES = YES;
				DEAD_CODE_STRIPPING = YES;
				DEVELOPMENT_TEAM = W7SSE97484;
				INFOPLIST_FILE = "Brick CollectorTests/Info.plist";
				LD_RUNPATH_SEARCH_PATHS = (
					"$(inherited)",
					"@executable_path/../Frameworks",
					"@loader_path/../Frameworks",
				);
				MACOSX_DEPLOYMENT_TARGET = 11.0;
				PRODUCT_BUNDLE_IDENTIFIER = "com.dsalvati.Brick-CollectorTests";
				PRODUCT_NAME = "$(TARGET_NAME)";
				SWIFT_VERSION = 5.0;
				TEST_HOST = "$(BUILT_PRODUCTS_DIR)/Brick Collector.app/Contents/MacOS/Brick Collector";
			};
			name = Release;
		};
		91ECB83525A25913008C5F72 /* Debug */ = {
			isa = XCBuildConfiguration;
			buildSettings = {
				ALWAYS_EMBED_SWIFT_STANDARD_LIBRARIES = YES;
				CODE_SIGN_STYLE = Automatic;
				COMBINE_HIDPI_IMAGES = YES;
				DEAD_CODE_STRIPPING = YES;
				DEVELOPMENT_TEAM = W7SSE97484;
				INFOPLIST_FILE = "Brick CollectorUITests/Info.plist";
				LD_RUNPATH_SEARCH_PATHS = (
					"$(inherited)",
					"@executable_path/../Frameworks",
					"@loader_path/../Frameworks",
				);
				PRODUCT_BUNDLE_IDENTIFIER = "com.dsalvati.Brick-CollectorUITests";
				PRODUCT_NAME = "$(TARGET_NAME)";
				SWIFT_VERSION = 5.0;
				TEST_TARGET_NAME = "Brick Collector";
			};
			name = Debug;
		};
		91ECB83625A25913008C5F72 /* Release */ = {
			isa = XCBuildConfiguration;
			buildSettings = {
				ALWAYS_EMBED_SWIFT_STANDARD_LIBRARIES = YES;
				CODE_SIGN_STYLE = Automatic;
				COMBINE_HIDPI_IMAGES = YES;
				DEAD_CODE_STRIPPING = YES;
				DEVELOPMENT_TEAM = W7SSE97484;
				INFOPLIST_FILE = "Brick CollectorUITests/Info.plist";
				LD_RUNPATH_SEARCH_PATHS = (
					"$(inherited)",
					"@executable_path/../Frameworks",
					"@loader_path/../Frameworks",
				);
				PRODUCT_BUNDLE_IDENTIFIER = "com.dsalvati.Brick-CollectorUITests";
				PRODUCT_NAME = "$(TARGET_NAME)";
				SWIFT_VERSION = 5.0;
				TEST_TARGET_NAME = "Brick Collector";
			};
			name = Release;
		};
/* End XCBuildConfiguration section */

/* Begin XCConfigurationList section */
		91ECB7FE25A25912008C5F72 /* Build configuration list for PBXProject "Brick Collector" */ = {
			isa = XCConfigurationList;
			buildConfigurations = (
				91ECB82C25A25913008C5F72 /* Debug */,
				91ECB82D25A25913008C5F72 /* Release */,
			);
			defaultConfigurationIsVisible = 0;
			defaultConfigurationName = Release;
		};
		91ECB82E25A25913008C5F72 /* Build configuration list for PBXNativeTarget "Brick Collector" */ = {
			isa = XCConfigurationList;
			buildConfigurations = (
				91ECB82F25A25913008C5F72 /* Debug */,
				91ECB83025A25913008C5F72 /* Release */,
			);
			defaultConfigurationIsVisible = 0;
			defaultConfigurationName = Release;
		};
		91ECB83125A25913008C5F72 /* Build configuration list for PBXNativeTarget "Brick CollectorTests" */ = {
			isa = XCConfigurationList;
			buildConfigurations = (
				91ECB83225A25913008C5F72 /* Debug */,
				91ECB83325A25913008C5F72 /* Release */,
			);
			defaultConfigurationIsVisible = 0;
			defaultConfigurationName = Release;
		};
		91ECB83425A25913008C5F72 /* Build configuration list for PBXNativeTarget "Brick CollectorUITests" */ = {
			isa = XCConfigurationList;
			buildConfigurations = (
				91ECB83525A25913008C5F72 /* Debug */,
				91ECB83625A25913008C5F72 /* Release */,
			);
			defaultConfigurationIsVisible = 0;
			defaultConfigurationName = Release;
		};
/* End XCConfigurationList section */

/* Begin XCVersionGroup section */
		91ECB81125A25913008C5F72 /* Brick_Collector.xcdatamodeld */ = {
			isa = XCVersionGroup;
			children = (
				91ECB81225A25913008C5F72 /* Brick_Collector.xcdatamodel */,
			);
			currentVersion = 91ECB81225A25913008C5F72 /* Brick_Collector.xcdatamodel */;
			path = Brick_Collector.xcdatamodeld;
			sourceTree = "<group>";
			versionGroupType = wrapper.xcdatamodel;
		};
/* End XCVersionGroup section */
	};
	rootObject = 91ECB7FB25A25912008C5F72 /* Project object */;
}
